
Microsoft Visual Studio Solution File, Format Version 12.00
# Visual Studio 15
VisualStudioVersion = 15.0.28307.1525
MinimumVisualStudioVersion = 10.0.40219.1
Project("{FAE04EC0-301F-11D3-BF4B-00C04F79EFBC}") = "Medeja dermatoloska-ordinacija", "Medeja dermatoloska-ordinacija\Medeja dermatoloska-ordinacija.csproj", "{773FC915-8EAD-4B0D-93E4-34DB0E88022C}"
EndProject
Project("{FAE04EC0-301F-11D3-BF4B-00C04F79EFBC}") = "DataLayer", "DataLayer\DataLayer.csproj", "{043E493A-8967-4A57-9454-9ECC2BA9FA87}"
EndProject
Project("{FAE04EC0-301F-11D3-BF4B-00C04F79EFBC}") = "BussinesLayer", "ZaposleniBusiness\BussinesLayer.csproj", "{2B90FAA3-3F79-495A-97DA-4AFCCBB57121}"
EndProject
Global
	GlobalSection(SolutionConfigurationPlatforms) = preSolution
		Debug|Any CPU = Debug|Any CPU
		Release|Any CPU = Release|Any CPU
	EndGlobalSection
	GlobalSection(ProjectConfigurationPlatforms) = postSolution
		{773FC915-8EAD-4B0D-93E4-34DB0E88022C}.Debug|Any CPU.ActiveCfg = Debug|Any CPU
		{773FC915-8EAD-4B0D-93E4-34DB0E88022C}.Debug|Any CPU.Build.0 = Debug|Any CPU
		{773FC915-8EAD-4B0D-93E4-34DB0E88022C}.Release|Any CPU.ActiveCfg = Release|Any CPU
		{773FC915-8EAD-4B0D-93E4-34DB0E88022C}.Release|Any CPU.Build.0 = Release|Any CPU
		{043E493A-8967-4A57-9454-9ECC2BA9FA87}.Debug|Any CPU.ActiveCfg = Debug|Any CPU
		{043E493A-8967-4A57-9454-9ECC2BA9FA87}.Debug|Any CPU.Build.0 = Debug|Any CPU
		{043E493A-8967-4A57-9454-9ECC2BA9FA87}.Release|Any CPU.ActiveCfg = Release|Any CPU
		{043E493A-8967-4A57-9454-9ECC2BA9FA87}.Release|Any CPU.Build.0 = Release|Any CPU
		{2B90FAA3-3F79-495A-97DA-4AFCCBB57121}.Debug|Any CPU.ActiveCfg = Debug|Any CPU
		{2B90FAA3-3F79-495A-97DA-4AFCCBB57121}.Debug|Any CPU.Build.0 = Debug|Any CPU
		{2B90FAA3-3F79-495A-97DA-4AFCCBB57121}.Release|Any CPU.ActiveCfg = Release|Any CPU
		{2B90FAA3-3F79-495A-97DA-4AFCCBB57121}.Release|Any CPU.Build.0 = Release|Any CPU
	EndGlobalSection
	GlobalSection(SolutionProperties) = preSolution
		HideSolutionNode = FALSE
	EndGlobalSection
	GlobalSection(ExtensibilityGlobals) = postSolution
		SolutionGuid = {0A02C497-4C44-4516-9526-74903C219BCF}
	EndGlobalSection
EndGlobal
